<?xml version="1.0" encoding="UTF-8"?>
<Project ToolsVersion="14.0" xmlns="http://schemas.microsoft.com/developer/msbuild/2003">
  <ItemGroup>
    <ClCompile Include="C:\Users\Виктор\Downloads\gdcm-2.6.3.tar\gdcm-2.6.3\Examples\Cxx\DumpToshibaDTI.cxx">
      <Filter>Source Files</Filter>
    </ClCompile>
  </ItemGroup>
  <ItemGroup>
    <CustomBuild Include="C:\Users\Виктор\Downloads\gdcm-2.6.3.tar\gdcm-2.6.3\Examples\Cxx\CMakeLists.txt" />
  </ItemGroup>
  <ItemGroup>
    <Filter Include="Source Files">
      <UniqueIdentifier>{E2307B78-2CC7-330A-A2FB-F0B4668DC3C4}</UniqueIdentifier>
    </Filter>
  </ItemGroup>
</Project>
